
Microsoft Visual Studio Solution File, Format Version 12.00
# Visual Studio Version 17
VisualStudioVersion = 17.0.31903.59
MinimumVisualStudioVersion = 10.0.40219.1
Project("{9A19103F-16F7-4668-BE54-9A1E7A4F7556}") = "Startup", "Startup\Startup.csproj", "{BCABCAD0-706F-4ED0-894C-7BC28E04B526}"
EndProject
Project("{2150E333-8FDC-42A3-9474-1A3956D46DE8}") = "Api", "Api", "{EEDF57E9-9286-4ACE-8082-C3D644CD34B7}"
EndProject
Project("{2150E333-8FDC-42A3-9474-1A3956D46DE8}") = "Tests", "Tests", "{C77200A2-9F35-4E0B-A5A3-8C46762B4D75}"
EndProject
Project("{9A19103F-16F7-4668-BE54-9A1E7A4F7556}") = "Tests.Api", "Tests.Api\Tests.Api.csproj", "{46600120-C9F5-4B00-93EB-4F0AC53AB836}"
EndProject
Project("{9A19103F-16F7-4668-BE54-9A1E7A4F7556}") = "Api", "Api\Api.csproj", "{80076B37-FF0E-4EC4-BE11-868527BD3E9C}"
EndProject
Project("{2150E333-8FDC-42A3-9474-1A3956D46DE8}") = "Interface", "Interface", "{3322C83C-1423-4E15-ACB2-887F7149A90B}"
EndProject
Project("{9A19103F-16F7-4668-BE54-9A1E7A4F7556}") = "Interfaces.Services", "Interfaces.Services\Interfaces.Services.csproj", "{C686402D-F489-48D0-AAD5-C3F310C64C19}"
EndProject
Project("{FAE04EC0-301F-11D3-BF4B-00C04F79EFBC}") = "Interfaces.Common", "Interfaces.Common\Interfaces.Common.csproj", "{958E8DDB-0C1C-4886-978E-7F5D1AA21406}"
EndProject
Global
	GlobalSection(SolutionConfigurationPlatforms) = preSolution
		Debug|Any CPU = Debug|Any CPU
		Release|Any CPU = Release|Any CPU
	EndGlobalSection
	GlobalSection(ProjectConfigurationPlatforms) = postSolution
		{BCABCAD0-706F-4ED0-894C-7BC28E04B526}.Debug|Any CPU.ActiveCfg = Debug|Any CPU
		{BCABCAD0-706F-4ED0-894C-7BC28E04B526}.Debug|Any CPU.Build.0 = Debug|Any CPU
		{BCABCAD0-706F-4ED0-894C-7BC28E04B526}.Release|Any CPU.ActiveCfg = Release|Any CPU
		{BCABCAD0-706F-4ED0-894C-7BC28E04B526}.Release|Any CPU.Build.0 = Release|Any CPU
		{46600120-C9F5-4B00-93EB-4F0AC53AB836}.Debug|Any CPU.ActiveCfg = Debug|Any CPU
		{46600120-C9F5-4B00-93EB-4F0AC53AB836}.Debug|Any CPU.Build.0 = Debug|Any CPU
		{46600120-C9F5-4B00-93EB-4F0AC53AB836}.Release|Any CPU.ActiveCfg = Release|Any CPU
		{46600120-C9F5-4B00-93EB-4F0AC53AB836}.Release|Any CPU.Build.0 = Release|Any CPU
		{80076B37-FF0E-4EC4-BE11-868527BD3E9C}.Debug|Any CPU.ActiveCfg = Debug|Any CPU
		{80076B37-FF0E-4EC4-BE11-868527BD3E9C}.Debug|Any CPU.Build.0 = Debug|Any CPU
		{80076B37-FF0E-4EC4-BE11-868527BD3E9C}.Release|Any CPU.ActiveCfg = Release|Any CPU
		{80076B37-FF0E-4EC4-BE11-868527BD3E9C}.Release|Any CPU.Build.0 = Release|Any CPU
		{C686402D-F489-48D0-AAD5-C3F310C64C19}.Debug|Any CPU.ActiveCfg = Debug|Any CPU
		{C686402D-F489-48D0-AAD5-C3F310C64C19}.Debug|Any CPU.Build.0 = Debug|Any CPU
		{C686402D-F489-48D0-AAD5-C3F310C64C19}.Release|Any CPU.ActiveCfg = Release|Any CPU
		{C686402D-F489-48D0-AAD5-C3F310C64C19}.Release|Any CPU.Build.0 = Release|Any CPU
		{958E8DDB-0C1C-4886-978E-7F5D1AA21406}.Debug|Any CPU.ActiveCfg = Debug|Any CPU
		{958E8DDB-0C1C-4886-978E-7F5D1AA21406}.Debug|Any CPU.Build.0 = Debug|Any CPU
		{958E8DDB-0C1C-4886-978E-7F5D1AA21406}.Release|Any CPU.ActiveCfg = Release|Any CPU
		{958E8DDB-0C1C-4886-978E-7F5D1AA21406}.Release|Any CPU.Build.0 = Release|Any CPU
	EndGlobalSection
	GlobalSection(SolutionProperties) = preSolution
		HideSolutionNode = FALSE
	EndGlobalSection
	GlobalSection(NestedProjects) = preSolution
		{C77200A2-9F35-4E0B-A5A3-8C46762B4D75} = {EEDF57E9-9286-4ACE-8082-C3D644CD34B7}
		{46600120-C9F5-4B00-93EB-4F0AC53AB836} = {C77200A2-9F35-4E0B-A5A3-8C46762B4D75}
		{80076B37-FF0E-4EC4-BE11-868527BD3E9C} = {EEDF57E9-9286-4ACE-8082-C3D644CD34B7}
		{C686402D-F489-48D0-AAD5-C3F310C64C19} = {3322C83C-1423-4E15-ACB2-887F7149A90B}
		{958E8DDB-0C1C-4886-978E-7F5D1AA21406} = {3322C83C-1423-4E15-ACB2-887F7149A90B}
	EndGlobalSection
	GlobalSection(ExtensibilityGlobals) = postSolution
		SolutionGuid = {D7ED3A01-FF30-41A5-B42D-B4F048826DB2}
	EndGlobalSection
EndGlobal
