
Microsoft Visual Studio Solution File, Format Version 12.00
# Visual Studio Version 17
VisualStudioVersion = 17.0.31903.59
MinimumVisualStudioVersion = 10.0.40219.1
Project("{9A19103F-16F7-4668-BE54-9A1E7A4F7556}") = "Startup", "Startup\Startup.csproj", "{BCABCAD0-706F-4ED0-894C-7BC28E04B526}"
EndProject
Project("{2150E333-8FDC-42A3-9474-1A3956D46DE8}") = "Api", "Api", "{EEDF57E9-9286-4ACE-8082-C3D644CD34B7}"
EndProject
Project("{2150E333-8FDC-42A3-9474-1A3956D46DE8}") = "Tests", "Tests", "{C77200A2-9F35-4E0B-A5A3-8C46762B4D75}"
EndProject
Project("{9A19103F-16F7-4668-BE54-9A1E7A4F7556}") = "Tests.Api", "Tests.Api\Tests.Api.csproj", "{46600120-C9F5-4B00-93EB-4F0AC53AB836}"
EndProject
Project("{9A19103F-16F7-4668-BE54-9A1E7A4F7556}") = "Api", "Api\Api.csproj", "{80076B37-FF0E-4EC4-BE11-868527BD3E9C}"
EndProject
Project("{2150E333-8FDC-42A3-9474-1A3956D46DE8}") = "Interface", "Interface", "{3322C83C-1423-4E15-ACB2-887F7149A90B}"
EndProject
Project("{9A19103F-16F7-4668-BE54-9A1E7A4F7556}") = "Interfaces.Common", "Interfaces.Common\Interfaces.Common.csproj", "{958E8DDB-0C1C-4886-978E-7F5D1AA21406}"
EndProject
Project("{2150E333-8FDC-42A3-9474-1A3956D46DE8}") = "Services", "Services", "{9AD40DF2-3126-4698-A0B9-7969688D247A}"
EndProject
Project("{9A19103F-16F7-4668-BE54-9A1E7A4F7556}") = "Interfaces.Services", "Interfaces.Services\Interfaces.Services.csproj", "{A5D8A948-64A6-48BC-B8BD-A5FACDC2DDEB}"
EndProject
Project("{9A19103F-16F7-4668-BE54-9A1E7A4F7556}") = "Services", "Services\Services.csproj", "{0373A98A-8AD3-419C-ADE4-83A983E777EE}"
EndProject
Project("{9A19103F-16F7-4668-BE54-9A1E7A4F7556}") = "Interfaces.Data", "Interfaces.Data\Interfaces.Data.csproj", "{61490F2B-1552-4825-9DAB-378909D86E01}"
EndProject
Project("{2150E333-8FDC-42A3-9474-1A3956D46DE8}") = "Tests", "Tests", "{089B77A1-9B55-410E-90B1-59219B95110B}"
EndProject
Project("{9A19103F-16F7-4668-BE54-9A1E7A4F7556}") = "Tests.Services", "Tests.Services\Tests.Services.csproj", "{FEB9A024-676E-4BEF-97D9-1B7D5085D08B}"
EndProject
Project("{2150E333-8FDC-42A3-9474-1A3956D46DE8}") = "Data", "Data", "{DE2BA805-5FDC-44F3-82C2-273C157E83C2}"
EndProject
Project("{9A19103F-16F7-4668-BE54-9A1E7A4F7556}") = "Data", "Data\Data.csproj", "{00535CCE-91F0-4527-B639-2882368E2206}"
EndProject
Project("{2150E333-8FDC-42A3-9474-1A3956D46DE8}") = "Tests", "Tests", "{ECC85862-25B0-4759-A671-A8EFFE85C15B}"
EndProject
Project("{FAE04EC0-301F-11D3-BF4B-00C04F79EFBC}") = "Tests.Data", "Tests.Data\Tests.Data.csproj", "{89218B29-2798-4842-8819-A72994EAFEF9}"
EndProject
Global
	GlobalSection(SolutionConfigurationPlatforms) = preSolution
		Debug|Any CPU = Debug|Any CPU
		Release|Any CPU = Release|Any CPU
	EndGlobalSection
	GlobalSection(ProjectConfigurationPlatforms) = postSolution
		{BCABCAD0-706F-4ED0-894C-7BC28E04B526}.Debug|Any CPU.ActiveCfg = Debug|Any CPU
		{BCABCAD0-706F-4ED0-894C-7BC28E04B526}.Debug|Any CPU.Build.0 = Debug|Any CPU
		{BCABCAD0-706F-4ED0-894C-7BC28E04B526}.Release|Any CPU.ActiveCfg = Release|Any CPU
		{BCABCAD0-706F-4ED0-894C-7BC28E04B526}.Release|Any CPU.Build.0 = Release|Any CPU
		{46600120-C9F5-4B00-93EB-4F0AC53AB836}.Debug|Any CPU.ActiveCfg = Debug|Any CPU
		{46600120-C9F5-4B00-93EB-4F0AC53AB836}.Debug|Any CPU.Build.0 = Debug|Any CPU
		{46600120-C9F5-4B00-93EB-4F0AC53AB836}.Release|Any CPU.ActiveCfg = Release|Any CPU
		{46600120-C9F5-4B00-93EB-4F0AC53AB836}.Release|Any CPU.Build.0 = Release|Any CPU
		{80076B37-FF0E-4EC4-BE11-868527BD3E9C}.Debug|Any CPU.ActiveCfg = Debug|Any CPU
		{80076B37-FF0E-4EC4-BE11-868527BD3E9C}.Debug|Any CPU.Build.0 = Debug|Any CPU
		{80076B37-FF0E-4EC4-BE11-868527BD3E9C}.Release|Any CPU.ActiveCfg = Release|Any CPU
		{80076B37-FF0E-4EC4-BE11-868527BD3E9C}.Release|Any CPU.Build.0 = Release|Any CPU
		{958E8DDB-0C1C-4886-978E-7F5D1AA21406}.Debug|Any CPU.ActiveCfg = Debug|Any CPU
		{958E8DDB-0C1C-4886-978E-7F5D1AA21406}.Debug|Any CPU.Build.0 = Debug|Any CPU
		{958E8DDB-0C1C-4886-978E-7F5D1AA21406}.Release|Any CPU.ActiveCfg = Release|Any CPU
		{958E8DDB-0C1C-4886-978E-7F5D1AA21406}.Release|Any CPU.Build.0 = Release|Any CPU
		{A5D8A948-64A6-48BC-B8BD-A5FACDC2DDEB}.Debug|Any CPU.ActiveCfg = Debug|Any CPU
		{A5D8A948-64A6-48BC-B8BD-A5FACDC2DDEB}.Debug|Any CPU.Build.0 = Debug|Any CPU
		{A5D8A948-64A6-48BC-B8BD-A5FACDC2DDEB}.Release|Any CPU.ActiveCfg = Release|Any CPU
		{A5D8A948-64A6-48BC-B8BD-A5FACDC2DDEB}.Release|Any CPU.Build.0 = Release|Any CPU
		{0373A98A-8AD3-419C-ADE4-83A983E777EE}.Debug|Any CPU.ActiveCfg = Debug|Any CPU
		{0373A98A-8AD3-419C-ADE4-83A983E777EE}.Debug|Any CPU.Build.0 = Debug|Any CPU
		{0373A98A-8AD3-419C-ADE4-83A983E777EE}.Release|Any CPU.ActiveCfg = Release|Any CPU
		{0373A98A-8AD3-419C-ADE4-83A983E777EE}.Release|Any CPU.Build.0 = Release|Any CPU
		{61490F2B-1552-4825-9DAB-378909D86E01}.Debug|Any CPU.ActiveCfg = Debug|Any CPU
		{61490F2B-1552-4825-9DAB-378909D86E01}.Debug|Any CPU.Build.0 = Debug|Any CPU
		{61490F2B-1552-4825-9DAB-378909D86E01}.Release|Any CPU.ActiveCfg = Release|Any CPU
		{61490F2B-1552-4825-9DAB-378909D86E01}.Release|Any CPU.Build.0 = Release|Any CPU
		{FEB9A024-676E-4BEF-97D9-1B7D5085D08B}.Debug|Any CPU.ActiveCfg = Debug|Any CPU
		{FEB9A024-676E-4BEF-97D9-1B7D5085D08B}.Debug|Any CPU.Build.0 = Debug|Any CPU
		{FEB9A024-676E-4BEF-97D9-1B7D5085D08B}.Release|Any CPU.ActiveCfg = Release|Any CPU
		{FEB9A024-676E-4BEF-97D9-1B7D5085D08B}.Release|Any CPU.Build.0 = Release|Any CPU
		{00535CCE-91F0-4527-B639-2882368E2206}.Debug|Any CPU.ActiveCfg = Debug|Any CPU
		{00535CCE-91F0-4527-B639-2882368E2206}.Debug|Any CPU.Build.0 = Debug|Any CPU
		{00535CCE-91F0-4527-B639-2882368E2206}.Release|Any CPU.ActiveCfg = Release|Any CPU
		{00535CCE-91F0-4527-B639-2882368E2206}.Release|Any CPU.Build.0 = Release|Any CPU
		{89218B29-2798-4842-8819-A72994EAFEF9}.Debug|Any CPU.ActiveCfg = Debug|Any CPU
		{89218B29-2798-4842-8819-A72994EAFEF9}.Debug|Any CPU.Build.0 = Debug|Any CPU
		{89218B29-2798-4842-8819-A72994EAFEF9}.Release|Any CPU.ActiveCfg = Release|Any CPU
		{89218B29-2798-4842-8819-A72994EAFEF9}.Release|Any CPU.Build.0 = Release|Any CPU
	EndGlobalSection
	GlobalSection(SolutionProperties) = preSolution
		HideSolutionNode = FALSE
	EndGlobalSection
	GlobalSection(NestedProjects) = preSolution
		{C77200A2-9F35-4E0B-A5A3-8C46762B4D75} = {EEDF57E9-9286-4ACE-8082-C3D644CD34B7}
		{46600120-C9F5-4B00-93EB-4F0AC53AB836} = {C77200A2-9F35-4E0B-A5A3-8C46762B4D75}
		{80076B37-FF0E-4EC4-BE11-868527BD3E9C} = {EEDF57E9-9286-4ACE-8082-C3D644CD34B7}
		{958E8DDB-0C1C-4886-978E-7F5D1AA21406} = {3322C83C-1423-4E15-ACB2-887F7149A90B}
		{A5D8A948-64A6-48BC-B8BD-A5FACDC2DDEB} = {3322C83C-1423-4E15-ACB2-887F7149A90B}
		{0373A98A-8AD3-419C-ADE4-83A983E777EE} = {9AD40DF2-3126-4698-A0B9-7969688D247A}
		{61490F2B-1552-4825-9DAB-378909D86E01} = {3322C83C-1423-4E15-ACB2-887F7149A90B}
		{089B77A1-9B55-410E-90B1-59219B95110B} = {9AD40DF2-3126-4698-A0B9-7969688D247A}
		{FEB9A024-676E-4BEF-97D9-1B7D5085D08B} = {089B77A1-9B55-410E-90B1-59219B95110B}
		{00535CCE-91F0-4527-B639-2882368E2206} = {DE2BA805-5FDC-44F3-82C2-273C157E83C2}
		{ECC85862-25B0-4759-A671-A8EFFE85C15B} = {DE2BA805-5FDC-44F3-82C2-273C157E83C2}
		{89218B29-2798-4842-8819-A72994EAFEF9} = {ECC85862-25B0-4759-A671-A8EFFE85C15B}
	EndGlobalSection
	GlobalSection(ExtensibilityGlobals) = postSolution
		SolutionGuid = {D7ED3A01-FF30-41A5-B42D-B4F048826DB2}
	EndGlobalSection
EndGlobal
